
Microsoft Visual Studio Solution File, Format Version 12.00
# Visual Studio Version 17
VisualStudioVersion = 17.9.34728.123
MinimumVisualStudioVersion = 10.0.40219.1
Project("{FAE04EC0-301F-11D3-BF4B-00C04F79EFBC}") = "semantic-kernel-chat", "semantic-kernel-chat.csproj", "{13733293-44B3-4B80-A34C-649DC175226B}"
EndProject
Global
	GlobalSection(SolutionConfigurationPlatforms) = preSolution
		Debug|Any CPU = Debug|Any CPU
		Release|Any CPU = Release|Any CPU
	EndGlobalSection
	GlobalSection(ProjectConfigurationPlatforms) = postSolution
		{13733293-44B3-4B80-A34C-649DC175226B}.Debug|Any CPU.ActiveCfg = Debug|Any CPU
		{13733293-44B3-4B80-A34C-649DC175226B}.Debug|Any CPU.Build.0 = Debug|Any CPU
		{13733293-44B3-4B80-A34C-649DC175226B}.Release|Any CPU.ActiveCfg = Release|Any CPU
		{13733293-44B3-4B80-A34C-649DC175226B}.Release|Any CPU.Build.0 = Release|Any CPU
	EndGlobalSection
	GlobalSection(SolutionProperties) = preSolution
		HideSolutionNode = FALSE
	EndGlobalSection
	GlobalSection(ExtensibilityGlobals) = postSolution
		SolutionGuid = {5EB53FF7-7206-4995-9E44-64CCE224BF6D}
	EndGlobalSection
EndGlobal
